{
  "name": "module-test",
  "version": "1.0.0",
  "lockfileVersion": 2,
  "requires": true,
  "packages": {
    "": {
      "name": "module-test",
      "version": "1.0.0",
      "license": "ISC",
      "dependencies": {
        "kp_ordinal_suffix": "^1.0.0",
        "kpm_ordinal_suffix": "^1.0.0"
      }
    },
    "node_modules/kp_ordinal_suffix": {
      "version": "1.0.0",
      "resolved": "https://registry.npmjs.org/kp_ordinal_suffix/-/kp_ordinal_suffix-1.0.0.tgz",
      "integrity": "sha512-R5E+G/VV30tT6p0eCSmwRDoa5upQ3GRDE9RilcNc8tuFSAE7+bj/F6+iIdbjynNDLzlzkZmtqq2Zrf6qBpe4mA=="
    },
    "node_modules/kpm_ordinal_suffix": {
      "version": "1.0.0",
      "resolved": "https://registry.npmjs.org/kpm_ordinal_suffix/-/kpm_ordinal_suffix-1.0.0.tgz",
      "integrity": "sha512-2zC8jhEMqcdTrdznZtRkZL0pVHeVFDx1sVZY1Lo71XKmEuegjd70ZdQfBlA43WXkgrstu8zypKupMOZmtpEgwg=="
    }
  },
  "dependencies": {
    "kp_ordinal_suffix": {
      "version": "1.0.0",
      "resolved": "https://registry.npmjs.org/kp_ordinal_suffix/-/kp_ordinal_suffix-1.0.0.tgz",
      "integrity": "sha512-R5E+G/VV30tT6p0eCSmwRDoa5upQ3GRDE9RilcNc8tuFSAE7+bj/F6+iIdbjynNDLzlzkZmtqq2Zrf6qBpe4mA=="
    },
    "kpm_ordinal_suffix": {
      "version": "1.0.0",
      "resolved": "https://registry.npmjs.org/kpm_ordinal_suffix/-/kpm_ordinal_suffix-1.0.0.tgz",
      "integrity": "sha512-2zC8jhEMqcdTrdznZtRkZL0pVHeVFDx1sVZY1Lo71XKmEuegjd70ZdQfBlA43WXkgrstu8zypKupMOZmtpEgwg=="
    }
  }
}
